
Microsoft Visual Studio Solution File, Format Version 12.00
# Visual Studio Version 17
VisualStudioVersion = 17.3.32804.467
MinimumVisualStudioVersion = 10.0.40219.1
Project("{9A19103F-16F7-4668-BE54-9A1E7A4F7556}") = "LongestCommonPrefix", "ConsoleApp1\LongestCommonPrefix.csproj", "{EC6D354F-07A8-4FF7-BA0F-D53BB1BE1E03}"
EndProject
Project("{9A19103F-16F7-4668-BE54-9A1E7A4F7556}") = "NullableTypeProjectConfigCheck", "NullableType\NullableTypeProjectConfigCheck.csproj", "{A4D41812-3A2E-4475-9823-A753086C1134}"
EndProject
Project("{9A19103F-16F7-4668-BE54-9A1E7A4F7556}") = "NullableTypeBadPerformance", "NullableTypeBadPerformance\NullableTypeBadPerformance.csproj", "{4D2CEFB1-FA92-4EDD-823A-913F6B13BE93}"
EndProject
Project("{9A19103F-16F7-4668-BE54-9A1E7A4F7556}") = "DynamicVsObject", "DynamicVsObject\DynamicVsObject.csproj", "{3C313755-FDF1-46FE-9D0B-6523A54CCDCC}"
EndProject
Project("{9A19103F-16F7-4668-BE54-9A1E7A4F7556}") = "PrimitiveObsessionCodeSmell", "PrimitiveObsessionCodeSmell\PrimitiveObsessionCodeSmell.csproj", "{2A865B85-37E3-445F-AEE9-80DAE221A27F}"
EndProject
Project("{9A19103F-16F7-4668-BE54-9A1E7A4F7556}") = "EnumPerformance", "EnumPerformance\EnumPerformance.csproj", "{76207C78-BC31-4951-9FC6-A55E60703F22}"
EndProject
Project("{9A19103F-16F7-4668-BE54-9A1E7A4F7556}") = "WebApiSample", "WebApiSample\WebApiSample.csproj", "{085BBC2D-86BD-4BC6-82C1-E8E2A5F55666}"
EndProject
Project("{9A19103F-16F7-4668-BE54-9A1E7A4F7556}") = "TwoSum", "TwoSum\TwoSum.csproj", "{1F45E0E9-1858-408A-9E1D-10232897F757}"
EndProject
Global
	GlobalSection(SolutionConfigurationPlatforms) = preSolution
		Debug|Any CPU = Debug|Any CPU
		Release|Any CPU = Release|Any CPU
	EndGlobalSection
	GlobalSection(ProjectConfigurationPlatforms) = postSolution
		{EC6D354F-07A8-4FF7-BA0F-D53BB1BE1E03}.Debug|Any CPU.ActiveCfg = Debug|Any CPU
		{EC6D354F-07A8-4FF7-BA0F-D53BB1BE1E03}.Debug|Any CPU.Build.0 = Debug|Any CPU
		{EC6D354F-07A8-4FF7-BA0F-D53BB1BE1E03}.Release|Any CPU.ActiveCfg = Release|Any CPU
		{EC6D354F-07A8-4FF7-BA0F-D53BB1BE1E03}.Release|Any CPU.Build.0 = Release|Any CPU
		{A4D41812-3A2E-4475-9823-A753086C1134}.Debug|Any CPU.ActiveCfg = Debug|Any CPU
		{A4D41812-3A2E-4475-9823-A753086C1134}.Debug|Any CPU.Build.0 = Debug|Any CPU
		{A4D41812-3A2E-4475-9823-A753086C1134}.Release|Any CPU.ActiveCfg = Release|Any CPU
		{A4D41812-3A2E-4475-9823-A753086C1134}.Release|Any CPU.Build.0 = Release|Any CPU
		{4D2CEFB1-FA92-4EDD-823A-913F6B13BE93}.Debug|Any CPU.ActiveCfg = Debug|Any CPU
		{4D2CEFB1-FA92-4EDD-823A-913F6B13BE93}.Debug|Any CPU.Build.0 = Debug|Any CPU
		{4D2CEFB1-FA92-4EDD-823A-913F6B13BE93}.Release|Any CPU.ActiveCfg = Release|Any CPU
		{4D2CEFB1-FA92-4EDD-823A-913F6B13BE93}.Release|Any CPU.Build.0 = Release|Any CPU
		{3C313755-FDF1-46FE-9D0B-6523A54CCDCC}.Debug|Any CPU.ActiveCfg = Debug|Any CPU
		{3C313755-FDF1-46FE-9D0B-6523A54CCDCC}.Debug|Any CPU.Build.0 = Debug|Any CPU
		{3C313755-FDF1-46FE-9D0B-6523A54CCDCC}.Release|Any CPU.ActiveCfg = Release|Any CPU
		{3C313755-FDF1-46FE-9D0B-6523A54CCDCC}.Release|Any CPU.Build.0 = Release|Any CPU
		{2A865B85-37E3-445F-AEE9-80DAE221A27F}.Debug|Any CPU.ActiveCfg = Debug|Any CPU
		{2A865B85-37E3-445F-AEE9-80DAE221A27F}.Debug|Any CPU.Build.0 = Debug|Any CPU
		{2A865B85-37E3-445F-AEE9-80DAE221A27F}.Release|Any CPU.ActiveCfg = Release|Any CPU
		{2A865B85-37E3-445F-AEE9-80DAE221A27F}.Release|Any CPU.Build.0 = Release|Any CPU
		{76207C78-BC31-4951-9FC6-A55E60703F22}.Debug|Any CPU.ActiveCfg = Debug|Any CPU
		{76207C78-BC31-4951-9FC6-A55E60703F22}.Debug|Any CPU.Build.0 = Debug|Any CPU
		{76207C78-BC31-4951-9FC6-A55E60703F22}.Release|Any CPU.ActiveCfg = Release|Any CPU
		{76207C78-BC31-4951-9FC6-A55E60703F22}.Release|Any CPU.Build.0 = Release|Any CPU
		{085BBC2D-86BD-4BC6-82C1-E8E2A5F55666}.Debug|Any CPU.ActiveCfg = Debug|Any CPU
		{085BBC2D-86BD-4BC6-82C1-E8E2A5F55666}.Debug|Any CPU.Build.0 = Debug|Any CPU
		{085BBC2D-86BD-4BC6-82C1-E8E2A5F55666}.Release|Any CPU.ActiveCfg = Release|Any CPU
		{085BBC2D-86BD-4BC6-82C1-E8E2A5F55666}.Release|Any CPU.Build.0 = Release|Any CPU
		{1F45E0E9-1858-408A-9E1D-10232897F757}.Debug|Any CPU.ActiveCfg = Debug|Any CPU
		{1F45E0E9-1858-408A-9E1D-10232897F757}.Debug|Any CPU.Build.0 = Debug|Any CPU
		{1F45E0E9-1858-408A-9E1D-10232897F757}.Release|Any CPU.ActiveCfg = Release|Any CPU
		{1F45E0E9-1858-408A-9E1D-10232897F757}.Release|Any CPU.Build.0 = Release|Any CPU
	EndGlobalSection
	GlobalSection(SolutionProperties) = preSolution
		HideSolutionNode = FALSE
	EndGlobalSection
	GlobalSection(ExtensibilityGlobals) = postSolution
		SolutionGuid = {72E4152C-48E4-41DA-9022-38FF5294E106}
	EndGlobalSection
EndGlobal
